
Microsoft Visual Studio Solution File, Format Version 12.00
# Visual Studio 2012
Project("{FAE04EC0-301F-11D3-BF4B-00C04F79EFBC}") = "comptable", "comptable\comptable.csproj", "{30D8108D-4D0B-44B7-BCB7-75976B049909}"
EndProject
Global
	GlobalSection(SolutionConfigurationPlatforms) = preSolution
		Debug|Any CPU = Debug|Any CPU
		Release|Any CPU = Release|Any CPU
	EndGlobalSection
	GlobalSection(ProjectConfigurationPlatforms) = postSolution
		{30D8108D-4D0B-44B7-BCB7-75976B049909}.Debug|Any CPU.ActiveCfg = Debug|Any CPU
		{30D8108D-4D0B-44B7-BCB7-75976B049909}.Debug|Any CPU.Build.0 = Debug|Any CPU
		{30D8108D-4D0B-44B7-BCB7-75976B049909}.Release|Any CPU.ActiveCfg = Release|Any CPU
		{30D8108D-4D0B-44B7-BCB7-75976B049909}.Release|Any CPU.Build.0 = Release|Any CPU
	EndGlobalSection
	GlobalSection(SolutionProperties) = preSolution
		HideSolutionNode = FALSE
	EndGlobalSection
EndGlobal
